hash: db905132f6dcddda182fdb7662ff1d07d3f7f3d2174d9776d681e58045d23de0
updated: 2016-12-20T03:45:08.664311717+01:00
imports:
- name: github.com/beorn7/perks
  version: 4c0e84591b9aa9e6dcfdf3e020114cd81f89d5f9
  subpackages:
  - quantile
- name: github.com/coreos/etcd
  version: d62ce55584a064968c11b309f1d57a9c1872bc40
  subpackages:
  - client
  - pkg/pathutil
  - pkg/types
- name: github.com/coreos/fleet
  version: 303ffeffb66f1b51d7152a2da3909e166bc3c1f5
  repo: https://github.com/obukhov/fleet.git
  subpackages:
  - fleetctl
  - api
  - client
  - job
  - log
  - machine
  - pkg
  - registry
  - schema
  - ssh
  - unit
  - version
  - protobuf
  - metrics
  - pkg/lease
- name: github.com/coreos/go-semver
  version: 9474efc580562cce8f761659fbce31b6feb8ce88
  subpackages:
  - semver
- name: github.com/coreos/go-systemd
  version: 7c9533367ef925dc1078d75e5b7141e10da2c4e8
  subpackages:
  - unit
- name: github.com/gogo/protobuf
  version: 909568be09de550ed094403c2bf8a261b5bb730a
  subpackages:
  - proto
  - gogoproto
  - protoc-gen-gogo/descriptor
- name: github.com/golang/protobuf
  version: 8ee79997227bf9b34611aee7946ae64735e6fd93
  subpackages:
  - proto
- name: github.com/inconshreveable/mousetrap
  version: 76626ae9c91c4f2a10f34cad8ce83ea42c93bb75
- name: github.com/jonboulle/clockwork
  version: bcac9884e7502bb2b474c0339d889cb981a2f27f
- name: github.com/labstack/echo
  version: f5f75122ba5c8a134ba82df246b40329bc11f068
- name: github.com/matttproud/golang_protobuf_extensions
  version: c12348ce28de40eed0136aa2b644d0ee0650e56c
  subpackages:
  - pbutil
- name: github.com/prometheus/client_golang
  version: 575f371f7862609249a1be4c9145f429fe065e32
  subpackages:
  - prometheus
- name: github.com/prometheus/client_model
  version: fa8ad6fec33561be4280a8f0514318c79d7f6cb6
  subpackages:
  - go
- name: github.com/prometheus/common
  version: 195bde7883f7c39ea62b0d92ab7359b5327065cb
  subpackages:
  - expfmt
  - model
  - internal/bitbucket.org/ww/goautoneg
- name: github.com/prometheus/procfs
  version: fcdb11ccb4389efb1b210b7ffb623ab71c5fdd60
- name: github.com/spf13/cobra
  version: b62566898a99f2db9c68ed0026aa0a052e59678d
- name: github.com/spf13/pflag
  version: 25f8b5b07aece3207895bf19f7ab517eb3b22a40
- name: github.com/ugorji/go
  version: 9c7f9b7a2bc3a520f7c7b30b34b7f85f47fe27b6
  subpackages:
  - codec
- name: github.com/vishvananda/netlink
  version: 13fb20a9787c14bfc4c7996ce27d7224aa815812
  subpackages:
  - nl
- name: github.com/vishvananda/netns
  version: 2c9454e4fc6e2edc1a1c84e64ed3d6e662fb6991
- name: golang.org/x/crypto
  version: 1351f936d976c60a0a48d728281922cf63eafb8d
  subpackages:
  - ssh
  - ssh/agent
  - ssh/terminal
- name: golang.org/x/net
  version: 6acef71eb69611914f7a30939ea9f6e194c78172
  subpackages:
  - context
  - context/ctxhttp
  - http2
  - trace
  - http2/hpack
  - internal/timeseries
- name: google.golang.org/api
  version: 55146ba61254fdb1c26d65ff3c04bc1611ad73fb
  subpackages:
  - googleapi
  - gensupport
  - googleapi/internal/uritemplates
- name: google.golang.org/grpc
  version: 777daa17ff9b5daef1cfdf915088a2ada3332bf0
  subpackages:
  - codes
  - credentials
  - grpclog
  - internal
  - metadata
  - naming
  - peer
  - transport
- name: gopkg.in/yaml.v2
  version: a5b47d31c556af34a302ce5d659e6fea44d90de0
devImports: []
